# This file is automatically @generated by Cargo.
# It is not intended for manual editing.
version = 3

[[package]]
name = "dotenv"
version = "0.1.0"
dependencies = [
 "dotenvy",
 "dotenvy_macro",
]

[[package]]
name = "dotenvy"
version = "0.15.7"
source = "registry+https://github.com/rust-lang/crates.io-index"
checksum = "1aaf95b3e5c8f23aa320147307562d361db0ae0d51242340f558153b4eb2439b"

[[package]]
name = "dotenvy_macro"
version = "0.15.7"
source = "registry+https://github.com/rust-lang/crates.io-index"
checksum = "cb0235d912a8c749f4e0c9f18ca253b4c28cfefc1d2518096016d6e3230b6424"
dependencies = [
 "dotenvy",
 "proc-macro2",
 "quote",
 "syn",
]

[[package]]
name = "proc-macro2"
version = "1.0.83"
source = "registry+https://github.com/rust-lang/crates.io-index"
checksum = "0b33eb56c327dec362a9e55b3ad14f9d2f0904fb5a5b03b513ab5465399e9f43"
dependencies = [
 "unicode-ident",
]

[[package]]
name = "quote"
version = "1.0.36"
source = "registry+https://github.com/rust-lang/crates.io-index"
checksum = "0fa76aaf39101c457836aec0ce2316dbdc3ab723cdda1c6bd4e6ad4208acaca7"
dependencies = [
 "proc-macro2",
]

[[package]]
name = "syn"
version = "1.0.109"
source = "registry+https://github.com/rust-lang/crates.io-index"
checksum = "72b64191b275b66ffe2469e8af2c1cfe3bafa67b529ead792a6d0160888b4237"
dependencies = [
 "proc-macro2",
 "quote",
 "unicode-ident",
]

[[package]]
name = "unicode-ident"
version = "1.0.12"
source = "registry+https://github.com/rust-lang/crates.io-index"
checksum = "3354b9ac3fae1ff6755cb6db53683adb661634f67557942dea4facebec0fee4b"
